// !$*UTF8*$!
{
	archiveVersion = 1;
	classes = {
	};
	objectVersion = 56;
	objects = {

/* Begin PBXBuildFile section */
		542668FC29F578E200A32219 /* PhotoSelectorApp.swift in Sources */ = {isa = PBXBuildFile; fileRef = 542668FB29F578E200A32219 /* PhotoSelectorApp.swift */; };
		542668FE29F578E200A32219 /* OrderView.swift in Sources */ = {isa = PBXBuildFile; fileRef = 542668FD29F578E200A32219 /* OrderView.swift */; };
		5426690029F578E300A32219 /* Assets.xcassets in Resources */ = {isa = PBXBuildFile; fileRef = 542668FF29F578E300A32219 /* Assets.xcassets */; };
		5426690329F578E300A32219 /* Preview Assets.xcassets in Resources */ = {isa = PBXBuildFile; fileRef = 5426690229F578E300A32219 /* Preview Assets.xcassets */; };
		5426690D29F57AEC00A32219 /* ScoreView.swift in Sources */ = {isa = PBXBuildFile; fileRef = 5426690C29F57AEC00A32219 /* ScoreView.swift */; };
		5426691029F66CAB00A32219 /* Photo.swift in Sources */ = {isa = PBXBuildFile; fileRef = 5426690F29F66CAB00A32219 /* Photo.swift */; };
		5426691229F673F300A32219 /* ToolbarView.swift in Sources */ = {isa = PBXBuildFile; fileRef = 5426691129F673F300A32219 /* ToolbarView.swift */; };
		5426691729F67A5600A32219 /* FileManager.swift in Sources */ = {isa = PBXBuildFile; fileRef = 5426691629F67A5600A32219 /* FileManager.swift */; };
		5477586F2A1274A80049F798 /* OrderStore.swift in Sources */ = {isa = PBXBuildFile; fileRef = 5477586E2A1274A80049F798 /* OrderStore.swift */; };
		547758712A1275010049F798 /* Order.swift in Sources */ = {isa = PBXBuildFile; fileRef = 547758702A1275010049F798 /* Order.swift */; };
		547758732A12901A0049F798 /* OrdersView.swift in Sources */ = {isa = PBXBuildFile; fileRef = 547758722A12901A0049F798 /* OrdersView.swift */; };
		547758752A12A0120049F798 /* ViewState.swift in Sources */ = {isa = PBXBuildFile; fileRef = 547758742A12A0120049F798 /* ViewState.swift */; };
		547758772A1380AF0049F798 /* ListSelectionView.swift in Sources */ = {isa = PBXBuildFile; fileRef = 547758762A1380AF0049F798 /* ListSelectionView.swift */; };
		547758792A14C5C60049F798 /* OrdersListView.swift in Sources */ = {isa = PBXBuildFile; fileRef = 547758782A14C5C60049F798 /* OrdersListView.swift */; };
		5477587B2A14CFC10049F798 /* OrderThumbView.swift in Sources */ = {isa = PBXBuildFile; fileRef = 5477587A2A14CFC10049F798 /* OrderThumbView.swift */; };
		5477587D2A14E94C0049F798 /* OrdersThumbView.swift in Sources */ = {isa = PBXBuildFile; fileRef = 5477587C2A14E94C0049F798 /* OrdersThumbView.swift */; };
		54A882442A16056600BF8B45 /* OrderListView.swift in Sources */ = {isa = PBXBuildFile; fileRef = 54A882432A16056600BF8B45 /* OrderListView.swift */; };
		54B6A9A229F71ACB00BDC714 /* PhotoView.swift in Sources */ = {isa = PBXBuildFile; fileRef = 54B6A9A129F71ACB00BDC714 /* PhotoView.swift */; };
/* End PBXBuildFile section */

/* Begin PBXFileReference section */
		542668F829F578E200A32219 /* PhotoSelector.app */ = {isa = PBXFileReference; explicitFileType = wrapper.application; includeInIndex = 0; path = PhotoSelector.app; sourceTree = BUILT_PRODUCTS_DIR; };
		542668FB29F578E200A32219 /* PhotoSelectorApp.swift */ = {isa = PBXFileReference; lastKnownFileType = sourcecode.swift; path = PhotoSelectorApp.swift; sourceTree = "<group>"; };
		542668FD29F578E200A32219 /* OrderView.swift */ = {isa = PBXFileReference; lastKnownFileType = sourcecode.swift; path = OrderView.swift; sourceTree = "<group>"; };
		542668FF29F578E300A32219 /* Assets.xcassets */ = {isa = PBXFileReference; lastKnownFileType = folder.assetcatalog; path = Assets.xcassets; sourceTree = "<group>"; };
		5426690229F578E300A32219 /* Preview Assets.xcassets */ = {isa = PBXFileReference; lastKnownFileType = folder.assetcatalog; path = "Preview Assets.xcassets"; sourceTree = "<group>"; };
		5426690C29F57AEC00A32219 /* ScoreView.swift */ = {isa = PBXFileReference; lastKnownFileType = sourcecode.swift; path = ScoreView.swift; sourceTree = "<group>"; };
		5426690F29F66CAB00A32219 /* Photo.swift */ = {isa = PBXFileReference; lastKnownFileType = sourcecode.swift; path = Photo.swift; sourceTree = "<group>"; };
		5426691129F673F300A32219 /* ToolbarView.swift */ = {isa = PBXFileReference; lastKnownFileType = sourcecode.swift; path = ToolbarView.swift; sourceTree = "<group>"; };
		5426691629F67A5600A32219 /* FileManager.swift */ = {isa = PBXFileReference; lastKnownFileType = sourcecode.swift; path = FileManager.swift; sourceTree = "<group>"; };
		5477586E2A1274A80049F798 /* OrderStore.swift */ = {isa = PBXFileReference; lastKnownFileType = sourcecode.swift; path = OrderStore.swift; sourceTree = "<group>"; };
		547758702A1275010049F798 /* Order.swift */ = {isa = PBXFileReference; lastKnownFileType = sourcecode.swift; path = Order.swift; sourceTree = "<group>"; };
		547758722A12901A0049F798 /* OrdersView.swift */ = {isa = PBXFileReference; lastKnownFileType = sourcecode.swift; path = OrdersView.swift; sourceTree = "<group>"; };
		547758742A12A0120049F798 /* ViewState.swift */ = {isa = PBXFileReference; lastKnownFileType = sourcecode.swift; path = ViewState.swift; sourceTree = "<group>"; };
		547758762A1380AF0049F798 /* ListSelectionView.swift */ = {isa = PBXFileReference; lastKnownFileType = sourcecode.swift; path = ListSelectionView.swift; sourceTree = "<group>"; };
		547758782A14C5C60049F798 /* OrdersListView.swift */ = {isa = PBXFileReference; lastKnownFileType = sourcecode.swift; path = OrdersListView.swift; sourceTree = "<group>"; };
		5477587A2A14CFC10049F798 /* OrderThumbView.swift */ = {isa = PBXFileReference; lastKnownFileType = sourcecode.swift; path = OrderThumbView.swift; sourceTree = "<group>"; };
		5477587C2A14E94C0049F798 /* OrdersThumbView.swift */ = {isa = PBXFileReference; fileEncoding = 4; lastKnownFileType = sourcecode.swift; path = OrdersThumbView.swift; sourceTree = "<group>"; };
		54A882432A16056600BF8B45 /* OrderListView.swift */ = {isa = PBXFileReference; lastKnownFileType = sourcecode.swift; path = OrderListView.swift; sourceTree = "<group>"; };
		54B6A9A129F71ACB00BDC714 /* PhotoView.swift */ = {isa = PBXFileReference; lastKnownFileType = sourcecode.swift; path = PhotoView.swift; sourceTree = "<group>"; };
/* End PBXFileReference section */

/* Begin PBXFrameworksBuildPhase section */
		542668F529F578E200A32219 /* Frameworks */ = {
			isa = PBXFrameworksBuildPhase;
			buildActionMask = 2147483647;
			files = (
			);
			runOnlyForDeploymentPostprocessing = 0;
		};
/* End PBXFrameworksBuildPhase section */

/* Begin PBXGroup section */
		542668EF29F578E200A32219 = {
			isa = PBXGroup;
			children = (
				542668FA29F578E200A32219 /* PhotoSelector */,
				542668F929F578E200A32219 /* Products */,
			);
			sourceTree = "<group>";
		};
		542668F929F578E200A32219 /* Products */ = {
			isa = PBXGroup;
			children = (
				542668F829F578E200A32219 /* PhotoSelector.app */,
			);
			name = Products;
			sourceTree = "<group>";
		};
		542668FA29F578E200A32219 /* PhotoSelector */ = {
			isa = PBXGroup;
			children = (
				5426691529F67A2A00A32219 /* Extensions */,
				542668FB29F578E200A32219 /* PhotoSelectorApp.swift */,
				5426690E29F66C8B00A32219 /* Model */,
				5426690B29F57A2300A32219 /* View */,
				542668FF29F578E300A32219 /* Assets.xcassets */,
				5426690129F578E300A32219 /* Preview Content */,
			);
			path = PhotoSelector;
			sourceTree = "<group>";
		};
		5426690129F578E300A32219 /* Preview Content */ = {
			isa = PBXGroup;
			children = (
				5426690229F578E300A32219 /* Preview Assets.xcassets */,
			);
			path = "Preview Content";
			sourceTree = "<group>";
		};
		5426690B29F57A2300A32219 /* View */ = {
			isa = PBXGroup;
			children = (
				547758722A12901A0049F798 /* OrdersView.swift */,
				5426690C29F57AEC00A32219 /* ScoreView.swift */,
				5426691129F673F300A32219 /* ToolbarView.swift */,
				542668FD29F578E200A32219 /* OrderView.swift */,
				54B6A9A129F71ACB00BDC714 /* PhotoView.swift */,
				547758762A1380AF0049F798 /* ListSelectionView.swift */,
				547758782A14C5C60049F798 /* OrdersListView.swift */,
				5477587C2A14E94C0049F798 /* OrdersThumbView.swift */,
				5477587A2A14CFC10049F798 /* OrderThumbView.swift */,
				54A882432A16056600BF8B45 /* OrderListView.swift */,
			);
			path = View;
			sourceTree = "<group>";
		};
		5426690E29F66C8B00A32219 /* Model */ = {
			isa = PBXGroup;
			children = (
				5426690F29F66CAB00A32219 /* Photo.swift */,
				5477586E2A1274A80049F798 /* OrderStore.swift */,
				547758702A1275010049F798 /* Order.swift */,
				547758742A12A0120049F798 /* ViewState.swift */,
			);
			path = Model;
			sourceTree = "<group>";
		};
		5426691529F67A2A00A32219 /* Extensions */ = {
			isa = PBXGroup;
			children = (
				5426691629F67A5600A32219 /* FileManager.swift */,
			);
			path = Extensions;
			sourceTree = "<group>";
		};
/* End PBXGroup section */

/* Begin PBXNativeTarget section */
		542668F729F578E200A32219 /* PhotoSelector */ = {
			isa = PBXNativeTarget;
			buildConfigurationList = 5426690629F578E300A32219 /* Build configuration list for PBXNativeTarget "PhotoSelector" */;
			buildPhases = (
				542668F429F578E200A32219 /* Sources */,
				542668F529F578E200A32219 /* Frameworks */,
				542668F629F578E200A32219 /* Resources */,
			);
			buildRules = (
			);
			dependencies = (
			);
			name = PhotoSelector;
			productName = PhotoSelector;
			productReference = 542668F829F578E200A32219 /* PhotoSelector.app */;
			productType = "com.apple.product-type.application";
		};
/* End PBXNativeTarget section */

/* Begin PBXProject section */
		542668F029F578E200A32219 /* Project object */ = {
			isa = PBXProject;
			attributes = {
				BuildIndependentTargetsInParallel = 1;
				LastSwiftUpdateCheck = 1430;
				LastUpgradeCheck = 1430;
				TargetAttributes = {
					542668F729F578E200A32219 = {
						CreatedOnToolsVersion = 14.3;
					};
				};
			};
			buildConfigurationList = 542668F329F578E200A32219 /* Build configuration list for PBXProject "PhotoSelector" */;
			compatibilityVersion = "Xcode 14.0";
			developmentRegion = en;
			hasScannedForEncodings = 0;
			knownRegions = (
				en,
				Base,
			);
			mainGroup = 542668EF29F578E200A32219;
			productRefGroup = 542668F929F578E200A32219 /* Products */;
			projectDirPath = "";
			projectRoot = "";
			targets = (
				542668F729F578E200A32219 /* PhotoSelector */,
			);
		};
/* End PBXProject section */

/* Begin PBXResourcesBuildPhase section */
		542668F629F578E200A32219 /* Resources */ = {
			isa = PBXResourcesBuildPhase;
			buildActionMask = 2147483647;
			files = (
				5426690329F578E300A32219 /* Preview Assets.xcassets in Resources */,
				5426690029F578E300A32219 /* Assets.xcassets in Resources */,
			);
			runOnlyForDeploymentPostprocessing = 0;
		};
/* End PBXResourcesBuildPhase section */

/* Begin PBXSourcesBuildPhase section */
		542668F429F578E200A32219 /* Sources */ = {
			isa = PBXSourcesBuildPhase;
			buildActionMask = 2147483647;
			files = (
				5426691029F66CAB00A32219 /* Photo.swift in Sources */,
				542668FE29F578E200A32219 /* OrderView.swift in Sources */,
				54B6A9A229F71ACB00BDC714 /* PhotoView.swift in Sources */,
				54A882442A16056600BF8B45 /* OrderListView.swift in Sources */,
				547758792A14C5C60049F798 /* OrdersListView.swift in Sources */,
				5477587D2A14E94C0049F798 /* OrdersThumbView.swift in Sources */,
				5477587B2A14CFC10049F798 /* OrderThumbView.swift in Sources */,
				547758772A1380AF0049F798 /* ListSelectionView.swift in Sources */,
				547758752A12A0120049F798 /* ViewState.swift in Sources */,
				547758712A1275010049F798 /* Order.swift in Sources */,
				5426691229F673F300A32219 /* ToolbarView.swift in Sources */,
				547758732A12901A0049F798 /* OrdersView.swift in Sources */,
				5477586F2A1274A80049F798 /* OrderStore.swift in Sources */,
				5426691729F67A5600A32219 /* FileManager.swift in Sources */,
				542668FC29F578E200A32219 /* PhotoSelectorApp.swift in Sources */,
				5426690D29F57AEC00A32219 /* ScoreView.swift in Sources */,
			);
			runOnlyForDeploymentPostprocessing = 0;
		};
/* End PBXSourcesBuildPhase section */

/* Begin XCBuildConfiguration section */
		5426690429F578E300A32219 /* Debug */ = {
			isa = XCBuildConfiguration;
			buildSettings = {
				ALWAYS_SEARCH_USER_PATHS = NO;
				CLANG_ANALYZER_NONNULL = YES;
				CLANG_ANALYZER_NUMBER_OBJECT_CONVERSION = YES_AGGRESSIVE;
				CLANG_CXX_LANGUAGE_STANDARD = "gnu++20";
				CLANG_ENABLE_MODULES = YES;
				CLANG_ENABLE_OBJC_ARC = YES;
				CLANG_ENABLE_OBJC_WEAK = YES;
				CLANG_WARN_BLOCK_CAPTURE_AUTORELEASING = YES;
				CLANG_WARN_BOOL_CONVERSION = YES;
				CLANG_WARN_COMMA = YES;
				CLANG_WARN_CONSTANT_CONVERSION = YES;
				CLANG_WARN_DEPRECATED_OBJC_IMPLEMENTATIONS = YES;
				CLANG_WARN_DIRECT_OBJC_ISA_USAGE = YES_ERROR;
				CLANG_WARN_DOCUMENTATION_COMMENTS = YES;
				CLANG_WARN_EMPTY_BODY = YES;
				CLANG_WARN_ENUM_CONVERSION = YES;
				CLANG_WARN_INFINITE_RECURSION = YES;
				CLANG_WARN_INT_CONVERSION = YES;
				CLANG_WARN_NON_LITERAL_NULL_CONVERSION = YES;
				CLANG_WARN_OBJC_IMPLICIT_RETAIN_SELF = YES;
				CLANG_WARN_OBJC_LITERAL_CONVERSION = YES;
				CLANG_WARN_OBJC_ROOT_CLASS = YES_ERROR;
				CLANG_WARN_QUOTED_INCLUDE_IN_FRAMEWORK_HEADER = YES;
				CLANG_WARN_RANGE_LOOP_ANALYSIS = YES;
				CLANG_WARN_STRICT_PROTOTYPES = YES;
				CLANG_WARN_SUSPICIOUS_MOVE = YES;
				CLANG_WARN_UNGUARDED_AVAILABILITY = YES_AGGRESSIVE;
				CLANG_WARN_UNREACHABLE_CODE = YES;
				CLANG_WARN__DUPLICATE_METHOD_MATCH = YES;
				COPY_PHASE_STRIP = NO;
				DEBUG_INFORMATION_FORMAT = dwarf;
				ENABLE_STRICT_OBJC_MSGSEND = YES;
				ENABLE_TESTABILITY = YES;
				GCC_C_LANGUAGE_STANDARD = gnu11;
				GCC_DYNAMIC_NO_PIC = NO;
				GCC_NO_COMMON_BLOCKS = YES;
				GCC_OPTIMIZATION_LEVEL = 0;
				GCC_PREPROCESSOR_DEFINITIONS = (
					"DEBUG=1",
					"$(inherited)",
				);
				GCC_WARN_64_TO_32_BIT_CONVERSION = YES;
				GCC_WARN_ABOUT_RETURN_TYPE = YES_ERROR;
				GCC_WARN_UNDECLARED_SELECTOR = YES;
				GCC_WARN_UNINITIALIZED_AUTOS = YES_AGGRESSIVE;
				GCC_WARN_UNUSED_FUNCTION = YES;
				GCC_WARN_UNUSED_VARIABLE = YES;
				IPHONEOS_DEPLOYMENT_TARGET = 16.4;
				MTL_ENABLE_DEBUG_INFO = INCLUDE_SOURCE;
				MTL_FAST_MATH = YES;
				ONLY_ACTIVE_ARCH = YES;
				SDKROOT = iphoneos;
				SWIFT_ACTIVE_COMPILATION_CONDITIONS = DEBUG;
				SWIFT_OPTIMIZATION_LEVEL = "-Onone";
			};
			name = Debug;
		};
		5426690529F578E300A32219 /* Release */ = {
			isa = XCBuildConfiguration;
			buildSettings = {
				ALWAYS_SEARCH_USER_PATHS = NO;
				CLANG_ANALYZER_NONNULL = YES;
				CLANG_ANALYZER_NUMBER_OBJECT_CONVERSION = YES_AGGRESSIVE;
				CLANG_CXX_LANGUAGE_STANDARD = "gnu++20";
				CLANG_ENABLE_MODULES = YES;
				CLANG_ENABLE_OBJC_ARC = YES;
				CLANG_ENABLE_OBJC_WEAK = YES;
				CLANG_WARN_BLOCK_CAPTURE_AUTORELEASING = YES;
				CLANG_WARN_BOOL_CONVERSION = YES;
				CLANG_WARN_COMMA = YES;
				CLANG_WARN_CONSTANT_CONVERSION = YES;
				CLANG_WARN_DEPRECATED_OBJC_IMPLEMENTATIONS = YES;
				CLANG_WARN_DIRECT_OBJC_ISA_USAGE = YES_ERROR;
				CLANG_WARN_DOCUMENTATION_COMMENTS = YES;
				CLANG_WARN_EMPTY_BODY = YES;
				CLANG_WARN_ENUM_CONVERSION = YES;
				CLANG_WARN_INFINITE_RECURSION = YES;
				CLANG_WARN_INT_CONVERSION = YES;
				CLANG_WARN_NON_LITERAL_NULL_CONVERSION = YES;
				CLANG_WARN_OBJC_IMPLICIT_RETAIN_SELF = YES;
				CLANG_WARN_OBJC_LITERAL_CONVERSION = YES;
				CLANG_WARN_OBJC_ROOT_CLASS = YES_ERROR;
				CLANG_WARN_QUOTED_INCLUDE_IN_FRAMEWORK_HEADER = YES;
				CLANG_WARN_RANGE_LOOP_ANALYSIS = YES;
				CLANG_WARN_STRICT_PROTOTYPES = YES;
				CLANG_WARN_SUSPICIOUS_MOVE = YES;
				CLANG_WARN_UNGUARDED_AVAILABILITY = YES_AGGRESSIVE;
				CLANG_WARN_UNREACHABLE_CODE = YES;
				CLANG_WARN__DUPLICATE_METHOD_MATCH = YES;
				COPY_PHASE_STRIP = NO;
				DEBUG_INFORMATION_FORMAT = "dwarf-with-dsym";
				ENABLE_NS_ASSERTIONS = NO;
				ENABLE_STRICT_OBJC_MSGSEND = YES;
				GCC_C_LANGUAGE_STANDARD = gnu11;
				GCC_NO_COMMON_BLOCKS = YES;
				GCC_WARN_64_TO_32_BIT_CONVERSION = YES;
				GCC_WARN_ABOUT_RETURN_TYPE = YES_ERROR;
				GCC_WARN_UNDECLARED_SELECTOR = YES;
				GCC_WARN_UNINITIALIZED_AUTOS = YES_AGGRESSIVE;
				GCC_WARN_UNUSED_FUNCTION = YES;
				GCC_WARN_UNUSED_VARIABLE = YES;
				IPHONEOS_DEPLOYMENT_TARGET = 16.4;
				MTL_ENABLE_DEBUG_INFO = NO;
				MTL_FAST_MATH = YES;
				SDKROOT = iphoneos;
				SWIFT_COMPILATION_MODE = wholemodule;
				SWIFT_OPTIMIZATION_LEVEL = "-O";
				VALIDATE_PRODUCT = YES;
			};
			name = Release;
		};
		5426690729F578E300A32219 /* Debug */ = {
			isa = XCBuildConfiguration;
			buildSettings = {
				ASSETCATALOG_COMPILER_APPICON_NAME = AppIcon;
				ASSETCATALOG_COMPILER_GLOBAL_ACCENT_COLOR_NAME = AccentColor;
				CODE_SIGN_STYLE = Automatic;
				CURRENT_PROJECT_VERSION = 1;
				DEVELOPMENT_ASSET_PATHS = "\"PhotoSelector/Preview Content\"";
				ENABLE_PREVIEWS = YES;
				GENERATE_INFOPLIST_FILE = YES;
				INFOPLIST_KEY_UIApplicationSceneManifest_Generation = YES;
				INFOPLIST_KEY_UIApplicationSupportsIndirectInputEvents = YES;
				INFOPLIST_KEY_UILaunchScreen_Generation = YES;
				INFOPLIST_KEY_UISupportedInterfaceOrientations_iPad = "UIInterfaceOrientationPortrait UIInterfaceOrientationPortraitUpsideDown UIInterfaceOrientationLandscapeLeft UIInterfaceOrientationLandscapeRight";
				INFOPLIST_KEY_UISupportedInterfaceOrientations_iPhone = "UIInterfaceOrientationPortrait UIInterfaceOrientationLandscapeLeft UIInterfaceOrientationLandscapeRight";
				LD_RUNPATH_SEARCH_PATHS = (
					"$(inherited)",
					"@executable_path/Frameworks",
				);
				MARKETING_VERSION = 1.0;
				PRODUCT_BUNDLE_IDENTIFIER = com.rokiczan.PhotoSelector;
				PRODUCT_NAME = "$(TARGET_NAME)";
				SWIFT_EMIT_LOC_STRINGS = YES;
				SWIFT_VERSION = 5.0;
				TARGETED_DEVICE_FAMILY = "1,2";
			};
			name = Debug;
		};
		5426690829F578E300A32219 /* Release */ = {
			isa = XCBuildConfiguration;
			buildSettings = {
				ASSETCATALOG_COMPILER_APPICON_NAME = AppIcon;
				ASSETCATALOG_COMPILER_GLOBAL_ACCENT_COLOR_NAME = AccentColor;
				CODE_SIGN_STYLE = Automatic;
				CURRENT_PROJECT_VERSION = 1;
				DEVELOPMENT_ASSET_PATHS = "\"PhotoSelector/Preview Content\"";
				ENABLE_PREVIEWS = YES;
				GENERATE_INFOPLIST_FILE = YES;
				INFOPLIST_KEY_UIApplicationSceneManifest_Generation = YES;
				INFOPLIST_KEY_UIApplicationSupportsIndirectInputEvents = YES;
				INFOPLIST_KEY_UILaunchScreen_Generation = YES;
				INFOPLIST_KEY_UISupportedInterfaceOrientations_iPad = "UIInterfaceOrientationPortrait UIInterfaceOrientationPortraitUpsideDown UIInterfaceOrientationLandscapeLeft UIInterfaceOrientationLandscapeRight";
				INFOPLIST_KEY_UISupportedInterfaceOrientations_iPhone = "UIInterfaceOrientationPortrait UIInterfaceOrientationLandscapeLeft UIInterfaceOrientationLandscapeRight";
				LD_RUNPATH_SEARCH_PATHS = (
					"$(inherited)",
					"@executable_path/Frameworks",
				);
				MARKETING_VERSION = 1.0;
				PRODUCT_BUNDLE_IDENTIFIER = com.rokiczan.PhotoSelector;
				PRODUCT_NAME = "$(TARGET_NAME)";
				SWIFT_EMIT_LOC_STRINGS = YES;
				SWIFT_VERSION = 5.0;
				TARGETED_DEVICE_FAMILY = "1,2";
			};
			name = Release;
		};
/* End XCBuildConfiguration section */

/* Begin XCConfigurationList section */
		542668F329F578E200A32219 /* Build configuration list for PBXProject "PhotoSelector" */ = {
			isa = XCConfigurationList;
			buildConfigurations = (
				5426690429F578E300A32219 /* Debug */,
				5426690529F578E300A32219 /* Release */,
			);
			defaultConfigurationIsVisible = 0;
			defaultConfigurationName = Release;
		};
		5426690629F578E300A32219 /* Build configuration list for PBXNativeTarget "PhotoSelector" */ = {
			isa = XCConfigurationList;
			buildConfigurations = (
				5426690729F578E300A32219 /* Debug */,
				5426690829F578E300A32219 /* Release */,
			);
			defaultConfigurationIsVisible = 0;
			defaultConfigurationName = Release;
		};
/* End XCConfigurationList section */
	};
	rootObject = 542668F029F578E200A32219 /* Project object */;
}
